
Microsoft Visual Studio Solution File, Format Version 12.00
# Visual Studio Version 17
VisualStudioVersion = 17.6.33712.159
MinimumVisualStudioVersion = 10.0.40219.1
Project("{FAE04EC0-301F-11D3-BF4B-00C04F79EFBC}") = "powerGateBusinessCentralPlugin", "powerGateBusinessCentralPlugin\powerGateBusinessCentralPlugin.csproj", "{8F129800-93AC-4C4B-98C9-DB8BD3FBBF61}"
EndProject
Project("{FAE04EC0-301F-11D3-BF4B-00C04F79EFBC}") = "Dialogs", "Dialogs\Dialogs.csproj", "{0A0D4AF3-238A-47B8-A42B-4E451624AE74}"
EndProject
Global
	GlobalSection(SolutionConfigurationPlatforms) = preSolution
		Debug|Any CPU = Debug|Any CPU
		Release|Any CPU = Release|Any CPU
	EndGlobalSection
	GlobalSection(ProjectConfigurationPlatforms) = postSolution
		{8F129800-93AC-4C4B-98C9-DB8BD3FBBF61}.Debug|Any CPU.ActiveCfg = Debug|Any CPU
		{8F129800-93AC-4C4B-98C9-DB8BD3FBBF61}.Debug|Any CPU.Build.0 = Debug|Any CPU
		{8F129800-93AC-4C4B-98C9-DB8BD3FBBF61}.Release|Any CPU.ActiveCfg = Release|Any CPU
		{8F129800-93AC-4C4B-98C9-DB8BD3FBBF61}.Release|Any CPU.Build.0 = Release|Any CPU
		{0A0D4AF3-238A-47B8-A42B-4E451624AE74}.Debug|Any CPU.ActiveCfg = Debug|Any CPU
		{0A0D4AF3-238A-47B8-A42B-4E451624AE74}.Debug|Any CPU.Build.0 = Debug|Any CPU
		{0A0D4AF3-238A-47B8-A42B-4E451624AE74}.Release|Any CPU.ActiveCfg = Release|Any CPU
		{0A0D4AF3-238A-47B8-A42B-4E451624AE74}.Release|Any CPU.Build.0 = Release|Any CPU
	EndGlobalSection
	GlobalSection(SolutionProperties) = preSolution
		HideSolutionNode = FALSE
	EndGlobalSection
	GlobalSection(ExtensibilityGlobals) = postSolution
		SolutionGuid = {3ADB167D-74D2-405E-A6CE-7D1F8B4B33B1}
	EndGlobalSection
EndGlobal
